
Microsoft Visual Studio Solution File, Format Version 12.00
# Visual Studio Version 17
VisualStudioVersion = 17.0.31903.59
MinimumVisualStudioVersion = 10.0.40219.1
Project("{2150E333-8FDC-42A3-9474-1A3956D46DE8}") = "src", "src", "{827E0CD3-B72D-47B6-A68D-7590B98EB39B}"
EndProject
Project("{FAE04EC0-301F-11D3-BF4B-00C04F79EFBC}") = "InputCue.App", "src\InputCue.App\InputCue.App.csproj", "{4EE1D2B6-145B-4BAD-B5FC-089C79FB612C}"
EndProject
Project("{FAE04EC0-301F-11D3-BF4B-00C04F79EFBC}") = "InputCue.Core", "src\InputCue.Core\InputCue.Core.csproj", "{46DFCECD-F055-4020-89E5-37EFA8E9808F}"
EndProject
Project("{FAE04EC0-301F-11D3-BF4B-00C04F79EFBC}") = "InputCue.Windows", "src\InputCue.Windows\InputCue.Windows.csproj", "{3EF2FA07-1902-48AF-86B6-29F6DDE2F731}"
EndProject
Project("{FAE04EC0-301F-11D3-BF4B-00C04F79EFBC}") = "InputCue.Overlay", "src\InputCue.Overlay\InputCue.Overlay.csproj", "{F7499B07-BC71-4445-B3E5-1A053D50A333}"
EndProject
Project("{2150E333-8FDC-42A3-9474-1A3956D46DE8}") = "tests", "tests", "{0AB3BF05-4346-4AA6-1389-037BE0695223}"
EndProject
Project("{FAE04EC0-301F-11D3-BF4B-00C04F79EFBC}") = "InputCue.Core.Tests", "tests\InputCue.Core.Tests\InputCue.Core.Tests.csproj", "{E70A0FC6-AA59-4C87-8BBC-9EB18361DBDF}"
EndProject
Project("{FAE04EC0-301F-11D3-BF4B-00C04F79EFBC}") = "InputCue.Windows.Tests", "tests\InputCue.Windows.Tests\InputCue.Windows.Tests.csproj", "{FEC9F596-BEE9-4A3D-9F4F-7D7BCD3CCA7B}"
EndProject
Project("{FAE04EC0-301F-11D3-BF4B-00C04F79EFBC}") = "InputCue.Overlay.Tests", "tests\InputCue.Overlay.Tests\InputCue.Overlay.Tests.csproj", "{B465234F-EAAB-442B-B1C4-E0F0D288C444}"
EndProject
Project("{FAE04EC0-301F-11D3-BF4B-00C04F79EFBC}") = "InputCue.Update", "src\InputCue.Update\InputCue.Update.csproj", "{FB494AE1-D0A3-4A90-88B5-69532B11B9F1}"
EndProject
Project("{FAE04EC0-301F-11D3-BF4B-00C04F79EFBC}") = "InputCue.Updater", "src\InputCue.Updater\InputCue.Updater.csproj", "{B06E9370-F248-4456-B411-80E35C41C6AA}"
EndProject
Project("{FAE04EC0-301F-11D3-BF4B-00C04F79EFBC}") = "InputCue.Update.Tests", "tests\InputCue.Update.Tests\InputCue.Update.Tests.csproj", "{DC890037-FA6B-46A0-BA8D-2BF45A3B2468}"
EndProject
Global
	GlobalSection(SolutionConfigurationPlatforms) = preSolution
		Debug|Any CPU = Debug|Any CPU
		Debug|x64 = Debug|x64
		Debug|x86 = Debug|x86
		Release|Any CPU = Release|Any CPU
		Release|x64 = Release|x64
		Release|x86 = Release|x86
	EndGlobalSection
	GlobalSection(ProjectConfigurationPlatforms) = postSolution
		{4EE1D2B6-145B-4BAD-B5FC-089C79FB612C}.Debug|Any CPU.ActiveCfg = Debug|Any CPU
		{4EE1D2B6-145B-4BAD-B5FC-089C79FB612C}.Debug|Any CPU.Build.0 = Debug|Any CPU
		{4EE1D2B6-145B-4BAD-B5FC-089C79FB612C}.Debug|x64.ActiveCfg = Debug|Any CPU
		{4EE1D2B6-145B-4BAD-B5FC-089C79FB612C}.Debug|x64.Build.0 = Debug|Any CPU
		{4EE1D2B6-145B-4BAD-B5FC-089C79FB612C}.Debug|x86.ActiveCfg = Debug|Any CPU
		{4EE1D2B6-145B-4BAD-B5FC-089C79FB612C}.Debug|x86.Build.0 = Debug|Any CPU
		{4EE1D2B6-145B-4BAD-B5FC-089C79FB612C}.Release|Any CPU.ActiveCfg = Release|Any CPU
		{4EE1D2B6-145B-4BAD-B5FC-089C79FB612C}.Release|Any CPU.Build.0 = Release|Any CPU
		{4EE1D2B6-145B-4BAD-B5FC-089C79FB612C}.Release|x64.ActiveCfg = Release|Any CPU
		{4EE1D2B6-145B-4BAD-B5FC-089C79FB612C}.Release|x64.Build.0 = Release|Any CPU
		{4EE1D2B6-145B-4BAD-B5FC-089C79FB612C}.Release|x86.ActiveCfg = Release|Any CPU
		{4EE1D2B6-145B-4BAD-B5FC-089C79FB612C}.Release|x86.Build.0 = Release|Any CPU
		{46DFCECD-F055-4020-89E5-37EFA8E9808F}.Debug|Any CPU.ActiveCfg = Debug|Any CPU
		{46DFCECD-F055-4020-89E5-37EFA8E9808F}.Debug|Any CPU.Build.0 = Debug|Any CPU
		{46DFCECD-F055-4020-89E5-37EFA8E9808F}.Debug|x64.ActiveCfg = Debug|Any CPU
		{46DFCECD-F055-4020-89E5-37EFA8E9808F}.Debug|x64.Build.0 = Debug|Any CPU
		{46DFCECD-F055-4020-89E5-37EFA8E9808F}.Debug|x86.ActiveCfg = Debug|Any CPU
		{46DFCECD-F055-4020-89E5-37EFA8E9808F}.Debug|x86.Build.0 = Debug|Any CPU
		{46DFCECD-F055-4020-89E5-37EFA8E9808F}.Release|Any CPU.ActiveCfg = Release|Any CPU
		{46DFCECD-F055-4020-89E5-37EFA8E9808F}.Release|Any CPU.Build.0 = Release|Any CPU
		{46DFCECD-F055-4020-89E5-37EFA8E9808F}.Release|x64.ActiveCfg = Release|Any CPU
		{46DFCECD-F055-4020-89E5-37EFA8E9808F}.Release|x64.Build.0 = Release|Any CPU
		{46DFCECD-F055-4020-89E5-37EFA8E9808F}.Release|x86.ActiveCfg = Release|Any CPU
		{46DFCECD-F055-4020-89E5-37EFA8E9808F}.Release|x86.Build.0 = Release|Any CPU
		{3EF2FA07-1902-48AF-86B6-29F6DDE2F731}.Debug|Any CPU.ActiveCfg = Debug|Any CPU
		{3EF2FA07-1902-48AF-86B6-29F6DDE2F731}.Debug|Any CPU.Build.0 = Debug|Any CPU
		{3EF2FA07-1902-48AF-86B6-29F6DDE2F731}.Debug|x64.ActiveCfg = Debug|Any CPU
		{3EF2FA07-1902-48AF-86B6-29F6DDE2F731}.Debug|x64.Build.0 = Debug|Any CPU
		{3EF2FA07-1902-48AF-86B6-29F6DDE2F731}.Debug|x86.ActiveCfg = Debug|Any CPU
		{3EF2FA07-1902-48AF-86B6-29F6DDE2F731}.Debug|x86.Build.0 = Debug|Any CPU
		{3EF2FA07-1902-48AF-86B6-29F6DDE2F731}.Release|Any CPU.ActiveCfg = Release|Any CPU
		{3EF2FA07-1902-48AF-86B6-29F6DDE2F731}.Release|Any CPU.Build.0 = Release|Any CPU
		{3EF2FA07-1902-48AF-86B6-29F6DDE2F731}.Release|x64.ActiveCfg = Release|Any CPU
		{3EF2FA07-1902-48AF-86B6-29F6DDE2F731}.Release|x64.Build.0 = Release|Any CPU
		{3EF2FA07-1902-48AF-86B6-29F6DDE2F731}.Release|x86.ActiveCfg = Release|Any CPU
		{3EF2FA07-1902-48AF-86B6-29F6DDE2F731}.Release|x86.Build.0 = Release|Any CPU
		{F7499B07-BC71-4445-B3E5-1A053D50A333}.Debug|Any CPU.ActiveCfg = Debug|Any CPU
		{F7499B07-BC71-4445-B3E5-1A053D50A333}.Debug|Any CPU.Build.0 = Debug|Any CPU
		{F7499B07-BC71-4445-B3E5-1A053D50A333}.Debug|x64.ActiveCfg = Debug|Any CPU
		{F7499B07-BC71-4445-B3E5-1A053D50A333}.Debug|x64.Build.0 = Debug|Any CPU
		{F7499B07-BC71-4445-B3E5-1A053D50A333}.Debug|x86.ActiveCfg = Debug|Any CPU
		{F7499B07-BC71-4445-B3E5-1A053D50A333}.Debug|x86.Build.0 = Debug|Any CPU
		{F7499B07-BC71-4445-B3E5-1A053D50A333}.Release|Any CPU.ActiveCfg = Release|Any CPU
		{F7499B07-BC71-4445-B3E5-1A053D50A333}.Release|Any CPU.Build.0 = Release|Any CPU
		{F7499B07-BC71-4445-B3E5-1A053D50A333}.Release|x64.ActiveCfg = Release|Any CPU
		{F7499B07-BC71-4445-B3E5-1A053D50A333}.Release|x64.Build.0 = Release|Any CPU
		{F7499B07-BC71-4445-B3E5-1A053D50A333}.Release|x86.ActiveCfg = Release|Any CPU
		{F7499B07-BC71-4445-B3E5-1A053D50A333}.Release|x86.Build.0 = Release|Any CPU
		{E70A0FC6-AA59-4C87-8BBC-9EB18361DBDF}.Debug|Any CPU.ActiveCfg = Debug|Any CPU
		{E70A0FC6-AA59-4C87-8BBC-9EB18361DBDF}.Debug|Any CPU.Build.0 = Debug|Any CPU
		{E70A0FC6-AA59-4C87-8BBC-9EB18361DBDF}.Debug|x64.ActiveCfg = Debug|Any CPU
		{E70A0FC6-AA59-4C87-8BBC-9EB18361DBDF}.Debug|x64.Build.0 = Debug|Any CPU
		{E70A0FC6-AA59-4C87-8BBC-9EB18361DBDF}.Debug|x86.ActiveCfg = Debug|Any CPU
		{E70A0FC6-AA59-4C87-8BBC-9EB18361DBDF}.Debug|x86.Build.0 = Debug|Any CPU
		{E70A0FC6-AA59-4C87-8BBC-9EB18361DBDF}.Release|Any CPU.ActiveCfg = Release|Any CPU
		{E70A0FC6-AA59-4C87-8BBC-9EB18361DBDF}.Release|Any CPU.Build.0 = Release|Any CPU
		{E70A0FC6-AA59-4C87-8BBC-9EB18361DBDF}.Release|x64.ActiveCfg = Release|Any CPU
		{E70A0FC6-AA59-4C87-8BBC-9EB18361DBDF}.Release|x64.Build.0 = Release|Any CPU
		{E70A0FC6-AA59-4C87-8BBC-9EB18361DBDF}.Release|x86.ActiveCfg = Release|Any CPU
		{E70A0FC6-AA59-4C87-8BBC-9EB18361DBDF}.Release|x86.Build.0 = Release|Any CPU
		{FEC9F596-BEE9-4A3D-9F4F-7D7BCD3CCA7B}.Debug|Any CPU.ActiveCfg = Debug|Any CPU
		{FEC9F596-BEE9-4A3D-9F4F-7D7BCD3CCA7B}.Debug|Any CPU.Build.0 = Debug|Any CPU
		{FEC9F596-BEE9-4A3D-9F4F-7D7BCD3CCA7B}.Debug|x64.ActiveCfg = Debug|Any CPU
		{FEC9F596-BEE9-4A3D-9F4F-7D7BCD3CCA7B}.Debug|x64.Build.0 = Debug|Any CPU
		{FEC9F596-BEE9-4A3D-9F4F-7D7BCD3CCA7B}.Debug|x86.ActiveCfg = Debug|Any CPU
		{FEC9F596-BEE9-4A3D-9F4F-7D7BCD3CCA7B}.Debug|x86.Build.0 = Debug|Any CPU
		{FEC9F596-BEE9-4A3D-9F4F-7D7BCD3CCA7B}.Release|Any CPU.ActiveCfg = Release|Any CPU
		{FEC9F596-BEE9-4A3D-9F4F-7D7BCD3CCA7B}.Release|Any CPU.Build.0 = Release|Any CPU
		{FEC9F596-BEE9-4A3D-9F4F-7D7BCD3CCA7B}.Release|x64.ActiveCfg = Release|Any CPU
		{FEC9F596-BEE9-4A3D-9F4F-7D7BCD3CCA7B}.Release|x64.Build.0 = Release|Any CPU
		{FEC9F596-BEE9-4A3D-9F4F-7D7BCD3CCA7B}.Release|x86.ActiveCfg = Release|Any CPU
		{FEC9F596-BEE9-4A3D-9F4F-7D7BCD3CCA7B}.Release|x86.Build.0 = Release|Any CPU
		{B465234F-EAAB-442B-B1C4-E0F0D288C444}.Debug|Any CPU.ActiveCfg = Debug|Any CPU
		{B465234F-EAAB-442B-B1C4-E0F0D288C444}.Debug|Any CPU.Build.0 = Debug|Any CPU
		{B465234F-EAAB-442B-B1C4-E0F0D288C444}.Debug|x64.ActiveCfg = Debug|Any CPU
		{B465234F-EAAB-442B-B1C4-E0F0D288C444}.Debug|x64.Build.0 = Debug|Any CPU
		{B465234F-EAAB-442B-B1C4-E0F0D288C444}.Debug|x86.ActiveCfg = Debug|Any CPU
		{B465234F-EAAB-442B-B1C4-E0F0D288C444}.Debug|x86.Build.0 = Debug|Any CPU
		{B465234F-EAAB-442B-B1C4-E0F0D288C444}.Release|Any CPU.ActiveCfg = Release|Any CPU
		{B465234F-EAAB-442B-B1C4-E0F0D288C444}.Release|Any CPU.Build.0 = Release|Any CPU
		{B465234F-EAAB-442B-B1C4-E0F0D288C444}.Release|x64.ActiveCfg = Release|Any CPU
		{B465234F-EAAB-442B-B1C4-E0F0D288C444}.Release|x64.Build.0 = Release|Any CPU
		{B465234F-EAAB-442B-B1C4-E0F0D288C444}.Release|x86.ActiveCfg = Release|Any CPU
		{B465234F-EAAB-442B-B1C4-E0F0D288C444}.Release|x86.Build.0 = Release|Any CPU
		{FB494AE1-D0A3-4A90-88B5-69532B11B9F1}.Debug|Any CPU.ActiveCfg = Debug|Any CPU
		{FB494AE1-D0A3-4A90-88B5-69532B11B9F1}.Debug|Any CPU.Build.0 = Debug|Any CPU
		{FB494AE1-D0A3-4A90-88B5-69532B11B9F1}.Debug|x64.ActiveCfg = Debug|Any CPU
		{FB494AE1-D0A3-4A90-88B5-69532B11B9F1}.Debug|x64.Build.0 = Debug|Any CPU
		{FB494AE1-D0A3-4A90-88B5-69532B11B9F1}.Debug|x86.ActiveCfg = Debug|Any CPU
		{FB494AE1-D0A3-4A90-88B5-69532B11B9F1}.Debug|x86.Build.0 = Debug|Any CPU
		{FB494AE1-D0A3-4A90-88B5-69532B11B9F1}.Release|Any CPU.ActiveCfg = Release|Any CPU
		{FB494AE1-D0A3-4A90-88B5-69532B11B9F1}.Release|Any CPU.Build.0 = Release|Any CPU
		{FB494AE1-D0A3-4A90-88B5-69532B11B9F1}.Release|x64.ActiveCfg = Release|Any CPU
		{FB494AE1-D0A3-4A90-88B5-69532B11B9F1}.Release|x64.Build.0 = Release|Any CPU
		{FB494AE1-D0A3-4A90-88B5-69532B11B9F1}.Release|x86.ActiveCfg = Release|Any CPU
		{FB494AE1-D0A3-4A90-88B5-69532B11B9F1}.Release|x86.Build.0 = Release|Any CPU
		{B06E9370-F248-4456-B411-80E35C41C6AA}.Debug|Any CPU.ActiveCfg = Debug|Any CPU
		{B06E9370-F248-4456-B411-80E35C41C6AA}.Debug|Any CPU.Build.0 = Debug|Any CPU
		{B06E9370-F248-4456-B411-80E35C41C6AA}.Debug|x64.ActiveCfg = Debug|Any CPU
		{B06E9370-F248-4456-B411-80E35C41C6AA}.Debug|x64.Build.0 = Debug|Any CPU
		{B06E9370-F248-4456-B411-80E35C41C6AA}.Debug|x86.ActiveCfg = Debug|Any CPU
		{B06E9370-F248-4456-B411-80E35C41C6AA}.Debug|x86.Build.0 = Debug|Any CPU
		{B06E9370-F248-4456-B411-80E35C41C6AA}.Release|Any CPU.ActiveCfg = Release|Any CPU
		{B06E9370-F248-4456-B411-80E35C41C6AA}.Release|Any CPU.Build.0 = Release|Any CPU
		{B06E9370-F248-4456-B411-80E35C41C6AA}.Release|x64.ActiveCfg = Release|Any CPU
		{B06E9370-F248-4456-B411-80E35C41C6AA}.Release|x64.Build.0 = Release|Any CPU
		{B06E9370-F248-4456-B411-80E35C41C6AA}.Release|x86.ActiveCfg = Release|Any CPU
		{B06E9370-F248-4456-B411-80E35C41C6AA}.Release|x86.Build.0 = Release|Any CPU
		{DC890037-FA6B-46A0-BA8D-2BF45A3B2468}.Debug|Any CPU.ActiveCfg = Debug|Any CPU
		{DC890037-FA6B-46A0-BA8D-2BF45A3B2468}.Debug|Any CPU.Build.0 = Debug|Any CPU
		{DC890037-FA6B-46A0-BA8D-2BF45A3B2468}.Debug|x64.ActiveCfg = Debug|Any CPU
		{DC890037-FA6B-46A0-BA8D-2BF45A3B2468}.Debug|x64.Build.0 = Debug|Any CPU
		{DC890037-FA6B-46A0-BA8D-2BF45A3B2468}.Debug|x86.ActiveCfg = Debug|Any CPU
		{DC890037-FA6B-46A0-BA8D-2BF45A3B2468}.Debug|x86.Build.0 = Debug|Any CPU
		{DC890037-FA6B-46A0-BA8D-2BF45A3B2468}.Release|Any CPU.ActiveCfg = Release|Any CPU
		{DC890037-FA6B-46A0-BA8D-2BF45A3B2468}.Release|Any CPU.Build.0 = Release|Any CPU
		{DC890037-FA6B-46A0-BA8D-2BF45A3B2468}.Release|x64.ActiveCfg = Release|Any CPU
		{DC890037-FA6B-46A0-BA8D-2BF45A3B2468}.Release|x64.Build.0 = Release|Any CPU
		{DC890037-FA6B-46A0-BA8D-2BF45A3B2468}.Release|x86.ActiveCfg = Release|Any CPU
		{DC890037-FA6B-46A0-BA8D-2BF45A3B2468}.Release|x86.Build.0 = Release|Any CPU
	EndGlobalSection
	GlobalSection(SolutionProperties) = preSolution
		HideSolutionNode = FALSE
	EndGlobalSection
	GlobalSection(NestedProjects) = preSolution
		{4EE1D2B6-145B-4BAD-B5FC-089C79FB612C} = {827E0CD3-B72D-47B6-A68D-7590B98EB39B}
		{46DFCECD-F055-4020-89E5-37EFA8E9808F} = {827E0CD3-B72D-47B6-A68D-7590B98EB39B}
		{3EF2FA07-1902-48AF-86B6-29F6DDE2F731} = {827E0CD3-B72D-47B6-A68D-7590B98EB39B}
		{F7499B07-BC71-4445-B3E5-1A053D50A333} = {827E0CD3-B72D-47B6-A68D-7590B98EB39B}
		{E70A0FC6-AA59-4C87-8BBC-9EB18361DBDF} = {0AB3BF05-4346-4AA6-1389-037BE0695223}
		{FEC9F596-BEE9-4A3D-9F4F-7D7BCD3CCA7B} = {0AB3BF05-4346-4AA6-1389-037BE0695223}
		{B465234F-EAAB-442B-B1C4-E0F0D288C444} = {0AB3BF05-4346-4AA6-1389-037BE0695223}
		{FB494AE1-D0A3-4A90-88B5-69532B11B9F1} = {827E0CD3-B72D-47B6-A68D-7590B98EB39B}
		{B06E9370-F248-4456-B411-80E35C41C6AA} = {827E0CD3-B72D-47B6-A68D-7590B98EB39B}
		{DC890037-FA6B-46A0-BA8D-2BF45A3B2468} = {0AB3BF05-4346-4AA6-1389-037BE0695223}
	EndGlobalSection
EndGlobal
